
Microsoft Visual Studio Solution File, Format Version 12.00
# Visual Studio Version 16
VisualStudioVersion = 16.0.32106.194
MinimumVisualStudioVersion = 10.0.40219.1
Project("{FAE04EC0-301F-11D3-BF4B-00C04F79EFBC}") = "GroceryShop", "GroceryShop.csproj", "{AE723B9C-AE93-4F40-98CE-F486AD0773D5}"
EndProject
Global
	GlobalSection(SolutionConfigurationPlatforms) = preSolution
		Debug|Any CPU = Debug|Any CPU
		Release|Any CPU = Release|Any CPU
	EndGlobalSection
	GlobalSection(ProjectConfigurationPlatforms) = postSolution
		{AE723B9C-AE93-4F40-98CE-F486AD0773D5}.Debug|Any CPU.ActiveCfg = Debug|Any CPU
		{AE723B9C-AE93-4F40-98CE-F486AD0773D5}.Debug|Any CPU.Build.0 = Debug|Any CPU
		{AE723B9C-AE93-4F40-98CE-F486AD0773D5}.Release|Any CPU.ActiveCfg = Release|Any CPU
		{AE723B9C-AE93-4F40-98CE-F486AD0773D5}.Release|Any CPU.Build.0 = Release|Any CPU
	EndGlobalSection
	GlobalSection(SolutionProperties) = preSolution
		HideSolutionNode = FALSE
	EndGlobalSection
	GlobalSection(ExtensibilityGlobals) = postSolution
		SolutionGuid = {8134E798-03B7-407E-B5C8-C328A1DD9D0F}
	EndGlobalSection
EndGlobal
